
Microsoft Visual Studio Solution File, Format Version 12.00
# Visual Studio Version 16
VisualStudioVersion = 16.0.31515.178
MinimumVisualStudioVersion = 10.0.40219.1
Project("{FAE04EC0-301F-11D3-BF4B-00C04F79EFBC}") = "Lesson1WebApplication", "Lesson1WebApplication\Lesson1WebApplication.csproj", "{9E7B9881-4425-43B2-B20A-2B2F17511984}"
EndProject
Global
	GlobalSection(SolutionConfigurationPlatforms) = preSolution
		Debug|Any CPU = Debug|Any CPU
		Release|Any CPU = Release|Any CPU
	EndGlobalSection
	GlobalSection(ProjectConfigurationPlatforms) = postSolution
		{9E7B9881-4425-43B2-B20A-2B2F17511984}.Debug|Any CPU.ActiveCfg = Debug|Any CPU
		{9E7B9881-4425-43B2-B20A-2B2F17511984}.Debug|Any CPU.Build.0 = Debug|Any CPU
		{9E7B9881-4425-43B2-B20A-2B2F17511984}.Release|Any CPU.ActiveCfg = Release|Any CPU
		{9E7B9881-4425-43B2-B20A-2B2F17511984}.Release|Any CPU.Build.0 = Release|Any CPU
	EndGlobalSection
	GlobalSection(SolutionProperties) = preSolution
		HideSolutionNode = FALSE
	EndGlobalSection
	GlobalSection(ExtensibilityGlobals) = postSolution
		SolutionGuid = {A48CFC48-04E5-4B7A-9722-1A85DBD1C37E}
	EndGlobalSection
EndGlobal
